
Microsoft Visual Studio Solution File, Format Version 12.00
# Visual Studio Version 17
VisualStudioVersion = 17.10.34814.14
MinimumVisualStudioVersion = 10.0.40219.1
Project("{9A19103F-16F7-4668-BE54-9A1E7A4F7556}") = "Cylinder", "src\Cylinder\Cylinder.csproj", "{E1CACED9-CA1E-4B7C-8701-DA5D77202F95}"
EndProject
Project("{2150E333-8FDC-42A3-9474-1A3956D46DE8}") = "src", "src", "{FC6A625D-0F15-4136-A3EB-D0BF8D1E89C3}"
EndProject
Project("{2150E333-8FDC-42A3-9474-1A3956D46DE8}") = "tests", "tests", "{68429EEC-67D1-40FE-8E67-2D914C1498EE}"
EndProject
Project("{2150E333-8FDC-42A3-9474-1A3956D46DE8}") = "Solution Items", "Solution Items", "{AD3C83D4-7665-46E9-870A-6C284826A3A1}"
	ProjectSection(SolutionItems) = preProject
		.editorconfig = .editorconfig
		.gitignore = .gitignore
		Directory.Build.props = Directory.Build.props
		README.md = README.md
	EndProjectSection
EndProject
Project("{9A19103F-16F7-4668-BE54-9A1E7A4F7556}") = "UnitTests", "tests\UnitTests\UnitTests.csproj", "{E9FA5909-DDBC-4A78-BDE2-10A06B7507B1}"
EndProject
Project("{FAE04EC0-301F-11D3-BF4B-00C04F79EFBC}") = "Abstractions", "src\Abstractions\Abstractions.csproj", "{CAE98ECD-4308-4AD5-B1F1-28845BB24F20}"
EndProject
Global
	GlobalSection(SolutionConfigurationPlatforms) = preSolution
		Debug|Any CPU = Debug|Any CPU
		Release|Any CPU = Release|Any CPU
	EndGlobalSection
	GlobalSection(ProjectConfigurationPlatforms) = postSolution
		{E1CACED9-CA1E-4B7C-8701-DA5D77202F95}.Debug|Any CPU.ActiveCfg = Debug|Any CPU
		{E1CACED9-CA1E-4B7C-8701-DA5D77202F95}.Debug|Any CPU.Build.0 = Debug|Any CPU
		{E1CACED9-CA1E-4B7C-8701-DA5D77202F95}.Release|Any CPU.ActiveCfg = Release|Any CPU
		{E1CACED9-CA1E-4B7C-8701-DA5D77202F95}.Release|Any CPU.Build.0 = Release|Any CPU
		{E9FA5909-DDBC-4A78-BDE2-10A06B7507B1}.Debug|Any CPU.ActiveCfg = Debug|Any CPU
		{E9FA5909-DDBC-4A78-BDE2-10A06B7507B1}.Debug|Any CPU.Build.0 = Debug|Any CPU
		{E9FA5909-DDBC-4A78-BDE2-10A06B7507B1}.Release|Any CPU.ActiveCfg = Release|Any CPU
		{E9FA5909-DDBC-4A78-BDE2-10A06B7507B1}.Release|Any CPU.Build.0 = Release|Any CPU
		{CAE98ECD-4308-4AD5-B1F1-28845BB24F20}.Debug|Any CPU.ActiveCfg = Debug|Any CPU
		{CAE98ECD-4308-4AD5-B1F1-28845BB24F20}.Debug|Any CPU.Build.0 = Debug|Any CPU
		{CAE98ECD-4308-4AD5-B1F1-28845BB24F20}.Release|Any CPU.ActiveCfg = Release|Any CPU
		{CAE98ECD-4308-4AD5-B1F1-28845BB24F20}.Release|Any CPU.Build.0 = Release|Any CPU
	EndGlobalSection
	GlobalSection(SolutionProperties) = preSolution
		HideSolutionNode = FALSE
	EndGlobalSection
	GlobalSection(NestedProjects) = preSolution
		{E1CACED9-CA1E-4B7C-8701-DA5D77202F95} = {FC6A625D-0F15-4136-A3EB-D0BF8D1E89C3}
		{E9FA5909-DDBC-4A78-BDE2-10A06B7507B1} = {68429EEC-67D1-40FE-8E67-2D914C1498EE}
		{CAE98ECD-4308-4AD5-B1F1-28845BB24F20} = {FC6A625D-0F15-4136-A3EB-D0BF8D1E89C3}
	EndGlobalSection
	GlobalSection(ExtensibilityGlobals) = postSolution
		SolutionGuid = {C5180A7E-F769-4784-B21D-1275045260FA}
	EndGlobalSection
EndGlobal
